
Microsoft Visual Studio Solution File, Format Version 12.00
# Visual Studio Version 17
VisualStudioVersion = 17.4.33205.214
MinimumVisualStudioVersion = 10.0.40219.1
Project("{9A19103F-16F7-4668-BE54-9A1E7A4F7556}") = "SkillsHub", "SkillsHub\SkillsHub.csproj", "{DC24500D-D2B3-4DD5-9B8A-FBA01168E9C7}"
EndProject
Project("{9A19103F-16F7-4668-BE54-9A1E7A4F7556}") = "SkillsHub.Domain", "SkillsDomain\SkillsHub.Domain.csproj", "{E87AD81A-C494-4407-BC92-FB369D70AD19}"
EndProject
Project("{2150E333-8FDC-42A3-9474-1A3956D46DE8}") = "Core", "Core", "{5783AAEF-3D12-474E-8609-6A707EE637E6}"
EndProject
Project("{2150E333-8FDC-42A3-9474-1A3956D46DE8}") = "Presentation", "Presentation", "{72681BE3-D910-494B-936E-7CA2A7B16A7E}"
EndProject
Project("{2150E333-8FDC-42A3-9474-1A3956D46DE8}") = "Infrastructure", "Infrastructure", "{3A74A853-593C-47D1-8DBF-834D7EC05E17}"
EndProject
Project("{9A19103F-16F7-4668-BE54-9A1E7A4F7556}") = "ViberMailer", "ViberMailer\ViberMailer.csproj", "{82831A68-DBD0-4FC2-A7D5-45B05BE90268}"
EndProject
Project("{9A19103F-16F7-4668-BE54-9A1E7A4F7556}") = "SkillsHub.Application", "SkillsHub.Application\SkillsHub.Application.csproj", "{F349143D-FE7E-460E-A9E1-4A42A44BDA06}"
EndProject
Project("{9A19103F-16F7-4668-BE54-9A1E7A4F7556}") = "EmailProvider", "EmailProvider\EmailProvider.csproj", "{01590921-9A80-4F5A-B866-21902643D006}"
EndProject
Project("{9A19103F-16F7-4668-BE54-9A1E7A4F7556}") = "SkillsHub.Persistence", "SkillsHub.Persistence\SkillsHub.Persistence.csproj", "{4ADBB1FF-25B7-4904-ACA4-BA9B38641BD4}"
EndProject
Project("{9A19103F-16F7-4668-BE54-9A1E7A4F7556}") = "SkillsHub.Tests", "SkillsHub.Tests\SkillsHub.Tests.csproj", "{34E6D0C9-EBC3-4A54-A4C3-1F7B2D836C14}"
EndProject
Global
	GlobalSection(SolutionConfigurationPlatforms) = preSolution
		Debug|Any CPU = Debug|Any CPU
		Release|Any CPU = Release|Any CPU
	EndGlobalSection
	GlobalSection(ProjectConfigurationPlatforms) = postSolution
		{DC24500D-D2B3-4DD5-9B8A-FBA01168E9C7}.Debug|Any CPU.ActiveCfg = Debug|Any CPU
		{DC24500D-D2B3-4DD5-9B8A-FBA01168E9C7}.Debug|Any CPU.Build.0 = Debug|Any CPU
		{DC24500D-D2B3-4DD5-9B8A-FBA01168E9C7}.Release|Any CPU.ActiveCfg = Release|Any CPU
		{DC24500D-D2B3-4DD5-9B8A-FBA01168E9C7}.Release|Any CPU.Build.0 = Release|Any CPU
		{E87AD81A-C494-4407-BC92-FB369D70AD19}.Debug|Any CPU.ActiveCfg = Debug|Any CPU
		{E87AD81A-C494-4407-BC92-FB369D70AD19}.Debug|Any CPU.Build.0 = Debug|Any CPU
		{E87AD81A-C494-4407-BC92-FB369D70AD19}.Release|Any CPU.ActiveCfg = Release|Any CPU
		{E87AD81A-C494-4407-BC92-FB369D70AD19}.Release|Any CPU.Build.0 = Release|Any CPU
		{82831A68-DBD0-4FC2-A7D5-45B05BE90268}.Debug|Any CPU.ActiveCfg = Debug|Any CPU
		{82831A68-DBD0-4FC2-A7D5-45B05BE90268}.Debug|Any CPU.Build.0 = Debug|Any CPU
		{82831A68-DBD0-4FC2-A7D5-45B05BE90268}.Release|Any CPU.ActiveCfg = Release|Any CPU
		{82831A68-DBD0-4FC2-A7D5-45B05BE90268}.Release|Any CPU.Build.0 = Release|Any CPU
		{F349143D-FE7E-460E-A9E1-4A42A44BDA06}.Debug|Any CPU.ActiveCfg = Debug|Any CPU
		{F349143D-FE7E-460E-A9E1-4A42A44BDA06}.Debug|Any CPU.Build.0 = Debug|Any CPU
		{F349143D-FE7E-460E-A9E1-4A42A44BDA06}.Release|Any CPU.ActiveCfg = Release|Any CPU
		{F349143D-FE7E-460E-A9E1-4A42A44BDA06}.Release|Any CPU.Build.0 = Release|Any CPU
		{01590921-9A80-4F5A-B866-21902643D006}.Debug|Any CPU.ActiveCfg = Debug|Any CPU
		{01590921-9A80-4F5A-B866-21902643D006}.Debug|Any CPU.Build.0 = Debug|Any CPU
		{01590921-9A80-4F5A-B866-21902643D006}.Release|Any CPU.ActiveCfg = Release|Any CPU
		{01590921-9A80-4F5A-B866-21902643D006}.Release|Any CPU.Build.0 = Release|Any CPU
		{4ADBB1FF-25B7-4904-ACA4-BA9B38641BD4}.Debug|Any CPU.ActiveCfg = Debug|Any CPU
		{4ADBB1FF-25B7-4904-ACA4-BA9B38641BD4}.Debug|Any CPU.Build.0 = Debug|Any CPU
		{4ADBB1FF-25B7-4904-ACA4-BA9B38641BD4}.Release|Any CPU.ActiveCfg = Release|Any CPU
		{4ADBB1FF-25B7-4904-ACA4-BA9B38641BD4}.Release|Any CPU.Build.0 = Release|Any CPU
		{34E6D0C9-EBC3-4A54-A4C3-1F7B2D836C14}.Debug|Any CPU.ActiveCfg = Debug|Any CPU
		{34E6D0C9-EBC3-4A54-A4C3-1F7B2D836C14}.Debug|Any CPU.Build.0 = Debug|Any CPU
		{34E6D0C9-EBC3-4A54-A4C3-1F7B2D836C14}.Release|Any CPU.ActiveCfg = Release|Any CPU
		{34E6D0C9-EBC3-4A54-A4C3-1F7B2D836C14}.Release|Any CPU.Build.0 = Release|Any CPU
	EndGlobalSection
	GlobalSection(SolutionProperties) = preSolution
		HideSolutionNode = FALSE
	EndGlobalSection
	GlobalSection(NestedProjects) = preSolution
		{DC24500D-D2B3-4DD5-9B8A-FBA01168E9C7} = {72681BE3-D910-494B-936E-7CA2A7B16A7E}
		{E87AD81A-C494-4407-BC92-FB369D70AD19} = {3A74A853-593C-47D1-8DBF-834D7EC05E17}
		{82831A68-DBD0-4FC2-A7D5-45B05BE90268} = {5783AAEF-3D12-474E-8609-6A707EE637E6}
		{F349143D-FE7E-460E-A9E1-4A42A44BDA06} = {5783AAEF-3D12-474E-8609-6A707EE637E6}
		{01590921-9A80-4F5A-B866-21902643D006} = {5783AAEF-3D12-474E-8609-6A707EE637E6}
		{4ADBB1FF-25B7-4904-ACA4-BA9B38641BD4} = {3A74A853-593C-47D1-8DBF-834D7EC05E17}
		{34E6D0C9-EBC3-4A54-A4C3-1F7B2D836C14} = {72681BE3-D910-494B-936E-7CA2A7B16A7E}
	EndGlobalSection
	GlobalSection(ExtensibilityGlobals) = postSolution
		SolutionGuid = {8C5515DD-E024-4A4A-95AA-1142918E67D2}
	EndGlobalSection
EndGlobal
